
Microsoft Visual Studio Solution File, Format Version 12.00
# Visual Studio Version 17
VisualStudioVersion = 17.3.32929.385
MinimumVisualStudioVersion = 10.0.40219.1
Project("{FAE04EC0-301F-11D3-BF4B-00C04F79EFBC}") = "Multiplos8", "Multiplos8\Multiplos8.csproj", "{F15A73DB-DB5E-43BE-9360-A17703494559}"
EndProject
Global
	GlobalSection(SolutionConfigurationPlatforms) = preSolution
		Debug|Any CPU = Debug|Any CPU
		Release|Any CPU = Release|Any CPU
	EndGlobalSection
	GlobalSection(ProjectConfigurationPlatforms) = postSolution
		{F15A73DB-DB5E-43BE-9360-A17703494559}.Debug|Any CPU.ActiveCfg = Debug|Any CPU
		{F15A73DB-DB5E-43BE-9360-A17703494559}.Debug|Any CPU.Build.0 = Debug|Any CPU
		{F15A73DB-DB5E-43BE-9360-A17703494559}.Release|Any CPU.ActiveCfg = Release|Any CPU
		{F15A73DB-DB5E-43BE-9360-A17703494559}.Release|Any CPU.Build.0 = Release|Any CPU
	EndGlobalSection
	GlobalSection(SolutionProperties) = preSolution
		HideSolutionNode = FALSE
	EndGlobalSection
	GlobalSection(ExtensibilityGlobals) = postSolution
		SolutionGuid = {0F96F0A9-2F62-46AC-83EB-8EE83670BF67}
	EndGlobalSection
EndGlobal
