
Microsoft Visual Studio Solution File, Format Version 12.00
# Visual Studio Version 17
VisualStudioVersion = 17.3.32929.385
MinimumVisualStudioVersion = 10.0.40219.1
Project("{FAE04EC0-301F-11D3-BF4B-00C04F79EFBC}") = "Permitro", "Permitro\Permitro.csproj", "{D5410B3C-8E23-458D-8FA8-2AD926981EA7}"
EndProject
Global
	GlobalSection(SolutionConfigurationPlatforms) = preSolution
		Debug|Any CPU = Debug|Any CPU
		Release|Any CPU = Release|Any CPU
	EndGlobalSection
	GlobalSection(ProjectConfigurationPlatforms) = postSolution
		{D5410B3C-8E23-458D-8FA8-2AD926981EA7}.Debug|Any CPU.ActiveCfg = Debug|Any CPU
		{D5410B3C-8E23-458D-8FA8-2AD926981EA7}.Debug|Any CPU.Build.0 = Debug|Any CPU
		{D5410B3C-8E23-458D-8FA8-2AD926981EA7}.Release|Any CPU.ActiveCfg = Release|Any CPU
		{D5410B3C-8E23-458D-8FA8-2AD926981EA7}.Release|Any CPU.Build.0 = Release|Any CPU
	EndGlobalSection
	GlobalSection(SolutionProperties) = preSolution
		HideSolutionNode = FALSE
	EndGlobalSection
	GlobalSection(ExtensibilityGlobals) = postSolution
		SolutionGuid = {6ABCF53E-4F12-40C9-86B3-99A4CB904CF0}
	EndGlobalSection
EndGlobal
